// !$*UTF8*$!
{
	archiveVersion = 1;
	classes = {
	};
	objectVersion = 52;
	objects = {

/* Begin PBXBuildFile section */
		AE019E8D265D4B8D0027A32E /* AuthAppApp.swift in Sources */ = {isa = PBXBuildFile; fileRef = AE019E8C265D4B8D0027A32E /* AuthAppApp.swift */; };
		AE019E8F265D4B8D0027A32E /* ContentView.swift in Sources */ = {isa = PBXBuildFile; fileRef = AE019E8E265D4B8D0027A32E /* ContentView.swift */; };
		AE019E91265D4B8E0027A32E /* Assets.xcassets in Resources */ = {isa = PBXBuildFile; fileRef = AE019E90265D4B8E0027A32E /* Assets.xcassets */; };
		AE019E94265D4B8E0027A32E /* Preview Assets.xcassets in Resources */ = {isa = PBXBuildFile; fileRef = AE019E93265D4B8E0027A32E /* Preview Assets.xcassets */; };
		AE019E9F265D4B8E0027A32E /* AuthAppTests.swift in Sources */ = {isa = PBXBuildFile; fileRef = AE019E9E265D4B8E0027A32E /* AuthAppTests.swift */; };
		AE019EAA265D4B8E0027A32E /* AuthAppUITests.swift in Sources */ = {isa = PBXBuildFile; fileRef = AE019EA9265D4B8E0027A32E /* AuthAppUITests.swift */; };
		AE019EB9265D4BB70027A32E /* AuthView.swift in Sources */ = {isa = PBXBuildFile; fileRef = AE019EB8265D4BB70027A32E /* AuthView.swift */; };
		AE019EBB265D4BD90027A32E /* AuthViewModel.swift in Sources */ = {isa = PBXBuildFile; fileRef = AE019EBA265D4BD90027A32E /* AuthViewModel.swift */; };
		AE019EBE265D517E0027A32E /* AuthService.swift in Sources */ = {isa = PBXBuildFile; fileRef = AE019EBD265D517E0027A32E /* AuthService.swift */; };
		AE019EC0265D53140027A32E /* AppCoordinator.swift in Sources */ = {isa = PBXBuildFile; fileRef = AE019EBF265D53140027A32E /* AppCoordinator.swift */; };
		AE019EC5265D56F80027A32E /* MainScreen.swift in Sources */ = {isa = PBXBuildFile; fileRef = AE019EC4265D56F80027A32E /* MainScreen.swift */; };
		AE019EC8265D5DBF0027A32E /* ContentViewModel.swift in Sources */ = {isa = PBXBuildFile; fileRef = AE019EC7265D5DBF0027A32E /* ContentViewModel.swift */; };
		AE019ECB265D60910027A32E /* Macaroni in Frameworks */ = {isa = PBXBuildFile; productRef = AE019ECA265D60910027A32E /* Macaroni */; };
		AE019ECE265D60D20027A32E /* Dependencies.swift in Sources */ = {isa = PBXBuildFile; fileRef = AE019ECD265D60D20027A32E /* Dependencies.swift */; };
/* End PBXBuildFile section */

/* Begin PBXContainerItemProxy section */
		AE019E9B265D4B8E0027A32E /* PBXContainerItemProxy */ = {
			isa = PBXContainerItemProxy;
			containerPortal = AE019E81265D4B8D0027A32E /* Project object */;
			proxyType = 1;
			remoteGlobalIDString = AE019E88265D4B8D0027A32E;
			remoteInfo = AuthApp;
		};
		AE019EA6265D4B8E0027A32E /* PBXContainerItemProxy */ = {
			isa = PBXContainerItemProxy;
			containerPortal = AE019E81265D4B8D0027A32E /* Project object */;
			proxyType = 1;
			remoteGlobalIDString = AE019E88265D4B8D0027A32E;
			remoteInfo = AuthApp;
		};
/* End PBXContainerItemProxy section */

/* Begin PBXFileReference section */
		AE019E89265D4B8D0027A32E /* AuthApp.app */ = {isa = PBXFileReference; explicitFileType = wrapper.application; includeInIndex = 0; path = AuthApp.app; sourceTree = BUILT_PRODUCTS_DIR; };
		AE019E8C265D4B8D0027A32E /* AuthAppApp.swift */ = {isa = PBXFileReference; lastKnownFileType = sourcecode.swift; path = AuthAppApp.swift; sourceTree = "<group>"; };
		AE019E8E265D4B8D0027A32E /* ContentView.swift */ = {isa = PBXFileReference; lastKnownFileType = sourcecode.swift; path = ContentView.swift; sourceTree = "<group>"; };
		AE019E90265D4B8E0027A32E /* Assets.xcassets */ = {isa = PBXFileReference; lastKnownFileType = folder.assetcatalog; path = Assets.xcassets; sourceTree = "<group>"; };
		AE019E93265D4B8E0027A32E /* Preview Assets.xcassets */ = {isa = PBXFileReference; lastKnownFileType = folder.assetcatalog; path = "Preview Assets.xcassets"; sourceTree = "<group>"; };
		AE019E95265D4B8E0027A32E /* Info.plist */ = {isa = PBXFileReference; lastKnownFileType = text.plist.xml; path = Info.plist; sourceTree = "<group>"; };
		AE019E9A265D4B8E0027A32E /* AuthAppTests.xctest */ = {isa = PBXFileReference; explicitFileType = wrapper.cfbundle; includeInIndex = 0; path = AuthAppTests.xctest; sourceTree = BUILT_PRODUCTS_DIR; };
		AE019E9E265D4B8E0027A32E /* AuthAppTests.swift */ = {isa = PBXFileReference; lastKnownFileType = sourcecode.swift; path = AuthAppTests.swift; sourceTree = "<group>"; };
		AE019EA0265D4B8E0027A32E /* Info.plist */ = {isa = PBXFileReference; lastKnownFileType = text.plist.xml; path = Info.plist; sourceTree = "<group>"; };
		AE019EA5265D4B8E0027A32E /* AuthAppUITests.xctest */ = {isa = PBXFileReference; explicitFileType = wrapper.cfbundle; includeInIndex = 0; path = AuthAppUITests.xctest; sourceTree = BUILT_PRODUCTS_DIR; };
		AE019EA9265D4B8E0027A32E /* AuthAppUITests.swift */ = {isa = PBXFileReference; lastKnownFileType = sourcecode.swift; path = AuthAppUITests.swift; sourceTree = "<group>"; };
		AE019EAB265D4B8E0027A32E /* Info.plist */ = {isa = PBXFileReference; lastKnownFileType = text.plist.xml; path = Info.plist; sourceTree = "<group>"; };
		AE019EB8265D4BB70027A32E /* AuthView.swift */ = {isa = PBXFileReference; lastKnownFileType = sourcecode.swift; path = AuthView.swift; sourceTree = "<group>"; };
		AE019EBA265D4BD90027A32E /* AuthViewModel.swift */ = {isa = PBXFileReference; lastKnownFileType = sourcecode.swift; path = AuthViewModel.swift; sourceTree = "<group>"; };
		AE019EBD265D517E0027A32E /* AuthService.swift */ = {isa = PBXFileReference; lastKnownFileType = sourcecode.swift; path = AuthService.swift; sourceTree = "<group>"; };
		AE019EBF265D53140027A32E /* AppCoordinator.swift */ = {isa = PBXFileReference; lastKnownFileType = sourcecode.swift; path = AppCoordinator.swift; sourceTree = "<group>"; };
		AE019EC4265D56F80027A32E /* MainScreen.swift */ = {isa = PBXFileReference; lastKnownFileType = sourcecode.swift; path = MainScreen.swift; sourceTree = "<group>"; };
		AE019EC7265D5DBF0027A32E /* ContentViewModel.swift */ = {isa = PBXFileReference; lastKnownFileType = sourcecode.swift; path = ContentViewModel.swift; sourceTree = "<group>"; };
		AE019ECD265D60D20027A32E /* Dependencies.swift */ = {isa = PBXFileReference; lastKnownFileType = sourcecode.swift; path = Dependencies.swift; sourceTree = "<group>"; };
/* End PBXFileReference section */

/* Begin PBXFrameworksBuildPhase section */
		AE019E86265D4B8D0027A32E /* Frameworks */ = {
			isa = PBXFrameworksBuildPhase;
			buildActionMask = 2147483647;
			files = (
				AE019ECB265D60910027A32E /* Macaroni in Frameworks */,
			);
			runOnlyForDeploymentPostprocessing = 0;
		};
		AE019E97265D4B8E0027A32E /* Frameworks */ = {
			isa = PBXFrameworksBuildPhase;
			buildActionMask = 2147483647;
			files = (
			);
			runOnlyForDeploymentPostprocessing = 0;
		};
		AE019EA2265D4B8E0027A32E /* Frameworks */ = {
			isa = PBXFrameworksBuildPhase;
			buildActionMask = 2147483647;
			files = (
			);
			runOnlyForDeploymentPostprocessing = 0;
		};
/* End PBXFrameworksBuildPhase section */

/* Begin PBXGroup section */
		AE019E80265D4B8D0027A32E = {
			isa = PBXGroup;
			children = (
				AE019E8B265D4B8D0027A32E /* AuthApp */,
				AE019E9D265D4B8E0027A32E /* AuthAppTests */,
				AE019EA8265D4B8E0027A32E /* AuthAppUITests */,
				AE019E8A265D4B8D0027A32E /* Products */,
			);
			sourceTree = "<group>";
		};
		AE019E8A265D4B8D0027A32E /* Products */ = {
			isa = PBXGroup;
			children = (
				AE019E89265D4B8D0027A32E /* AuthApp.app */,
				AE019E9A265D4B8E0027A32E /* AuthAppTests.xctest */,
				AE019EA5265D4B8E0027A32E /* AuthAppUITests.xctest */,
			);
			name = Products;
			sourceTree = "<group>";
		};
		AE019E8B265D4B8D0027A32E /* AuthApp */ = {
			isa = PBXGroup;
			children = (
				AE019ECC265D60C00027A32E /* Dependency */,
				AE019EC6265D5DAF0027A32E /* Content */,
				AE019EBC265D51720027A32E /* Services */,
				AE019EB7265D4BA80027A32E /* Auth */,
				AE019E8C265D4B8D0027A32E /* AuthAppApp.swift */,
				AE019EBF265D53140027A32E /* AppCoordinator.swift */,
				AE019EC4265D56F80027A32E /* MainScreen.swift */,
				AE019E90265D4B8E0027A32E /* Assets.xcassets */,
				AE019E95265D4B8E0027A32E /* Info.plist */,
				AE019E92265D4B8E0027A32E /* Preview Content */,
			);
			path = AuthApp;
			sourceTree = "<group>";
		};
		AE019E92265D4B8E0027A32E /* Preview Content */ = {
			isa = PBXGroup;
			children = (
				AE019E93265D4B8E0027A32E /* Preview Assets.xcassets */,
			);
			path = "Preview Content";
			sourceTree = "<group>";
		};
		AE019E9D265D4B8E0027A32E /* AuthAppTests */ = {
			isa = PBXGroup;
			children = (
				AE019E9E265D4B8E0027A32E /* AuthAppTests.swift */,
				AE019EA0265D4B8E0027A32E /* Info.plist */,
			);
			path = AuthAppTests;
			sourceTree = "<group>";
		};
		AE019EA8265D4B8E0027A32E /* AuthAppUITests */ = {
			isa = PBXGroup;
			children = (
				AE019EA9265D4B8E0027A32E /* AuthAppUITests.swift */,
				AE019EAB265D4B8E0027A32E /* Info.plist */,
			);
			path = AuthAppUITests;
			sourceTree = "<group>";
		};
		AE019EB7265D4BA80027A32E /* Auth */ = {
			isa = PBXGroup;
			children = (
				AE019EB8265D4BB70027A32E /* AuthView.swift */,
				AE019EBA265D4BD90027A32E /* AuthViewModel.swift */,
			);
			path = Auth;
			sourceTree = "<group>";
		};
		AE019EBC265D51720027A32E /* Services */ = {
			isa = PBXGroup;
			children = (
				AE019EBD265D517E0027A32E /* AuthService.swift */,
			);
			path = Services;
			sourceTree = "<group>";
		};
		AE019EC6265D5DAF0027A32E /* Content */ = {
			isa = PBXGroup;
			children = (
				AE019E8E265D4B8D0027A32E /* ContentView.swift */,
				AE019EC7265D5DBF0027A32E /* ContentViewModel.swift */,
			);
			path = Content;
			sourceTree = "<group>";
		};
		AE019ECC265D60C00027A32E /* Dependency */ = {
			isa = PBXGroup;
			children = (
				AE019ECD265D60D20027A32E /* Dependencies.swift */,
			);
			path = Dependency;
			sourceTree = "<group>";
		};
/* End PBXGroup section */

/* Begin PBXNativeTarget section */
		AE019E88265D4B8D0027A32E /* AuthApp */ = {
			isa = PBXNativeTarget;
			buildConfigurationList = AE019EAE265D4B8E0027A32E /* Build configuration list for PBXNativeTarget "AuthApp" */;
			buildPhases = (
				AE019E85265D4B8D0027A32E /* Sources */,
				AE019E86265D4B8D0027A32E /* Frameworks */,
				AE019E87265D4B8D0027A32E /* Resources */,
			);
			buildRules = (
			);
			dependencies = (
			);
			name = AuthApp;
			packageProductDependencies = (
				AE019ECA265D60910027A32E /* Macaroni */,
			);
			productName = AuthApp;
			productReference = AE019E89265D4B8D0027A32E /* AuthApp.app */;
			productType = "com.apple.product-type.application";
		};
		AE019E99265D4B8E0027A32E /* AuthAppTests */ = {
			isa = PBXNativeTarget;
			buildConfigurationList = AE019EB1265D4B8E0027A32E /* Build configuration list for PBXNativeTarget "AuthAppTests" */;
			buildPhases = (
				AE019E96265D4B8E0027A32E /* Sources */,
				AE019E97265D4B8E0027A32E /* Frameworks */,
				AE019E98265D4B8E0027A32E /* Resources */,
			);
			buildRules = (
			);
			dependencies = (
				AE019E9C265D4B8E0027A32E /* PBXTargetDependency */,
			);
			name = AuthAppTests;
			productName = AuthAppTests;
			productReference = AE019E9A265D4B8E0027A32E /* AuthAppTests.xctest */;
			productType = "com.apple.product-type.bundle.unit-test";
		};
		AE019EA4265D4B8E0027A32E /* AuthAppUITests */ = {
			isa = PBXNativeTarget;
			buildConfigurationList = AE019EB4265D4B8E0027A32E /* Build configuration list for PBXNativeTarget "AuthAppUITests" */;
			buildPhases = (
				AE019EA1265D4B8E0027A32E /* Sources */,
				AE019EA2265D4B8E0027A32E /* Frameworks */,
				AE019EA3265D4B8E0027A32E /* Resources */,
			);
			buildRules = (
			);
			dependencies = (
				AE019EA7265D4B8E0027A32E /* PBXTargetDependency */,
			);
			name = AuthAppUITests;
			productName = AuthAppUITests;
			productReference = AE019EA5265D4B8E0027A32E /* AuthAppUITests.xctest */;
			productType = "com.apple.product-type.bundle.ui-testing";
		};
/* End PBXNativeTarget section */

/* Begin PBXProject section */
		AE019E81265D4B8D0027A32E /* Project object */ = {
			isa = PBXProject;
			attributes = {
				LastSwiftUpdateCheck = 1250;
				LastUpgradeCheck = 1250;
				TargetAttributes = {
					AE019E88265D4B8D0027A32E = {
						CreatedOnToolsVersion = 12.5;
					};
					AE019E99265D4B8E0027A32E = {
						CreatedOnToolsVersion = 12.5;
						TestTargetID = AE019E88265D4B8D0027A32E;
					};
					AE019EA4265D4B8E0027A32E = {
						CreatedOnToolsVersion = 12.5;
						TestTargetID = AE019E88265D4B8D0027A32E;
					};
				};
			};
			buildConfigurationList = AE019E84265D4B8D0027A32E /* Build configuration list for PBXProject "AuthApp" */;
			compatibilityVersion = "Xcode 9.3";
			developmentRegion = en;
			hasScannedForEncodings = 0;
			knownRegions = (
				en,
				Base,
			);
			mainGroup = AE019E80265D4B8D0027A32E;
			packageReferences = (
				AE019EC9265D60910027A32E /* XCRemoteSwiftPackageReference "Macaroni" */,
			);
			productRefGroup = AE019E8A265D4B8D0027A32E /* Products */;
			projectDirPath = "";
			projectRoot = "";
			targets = (
				AE019E88265D4B8D0027A32E /* AuthApp */,
				AE019E99265D4B8E0027A32E /* AuthAppTests */,
				AE019EA4265D4B8E0027A32E /* AuthAppUITests */,
			);
		};
/* End PBXProject section */

/* Begin PBXResourcesBuildPhase section */
		AE019E87265D4B8D0027A32E /* Resources */ = {
			isa = PBXResourcesBuildPhase;
			buildActionMask = 2147483647;
			files = (
				AE019E94265D4B8E0027A32E /* Preview Assets.xcassets in Resources */,
				AE019E91265D4B8E0027A32E /* Assets.xcassets in Resources */,
			);
			runOnlyForDeploymentPostprocessing = 0;
		};
		AE019E98265D4B8E0027A32E /* Resources */ = {
			isa = PBXResourcesBuildPhase;
			buildActionMask = 2147483647;
			files = (
			);
			runOnlyForDeploymentPostprocessing = 0;
		};
		AE019EA3265D4B8E0027A32E /* Resources */ = {
			isa = PBXResourcesBuildPhase;
			buildActionMask = 2147483647;
			files = (
			);
			runOnlyForDeploymentPostprocessing = 0;
		};
/* End PBXResourcesBuildPhase section */

/* Begin PBXSourcesBuildPhase section */
		AE019E85265D4B8D0027A32E /* Sources */ = {
			isa = PBXSourcesBuildPhase;
			buildActionMask = 2147483647;
			files = (
				AE019EC8265D5DBF0027A32E /* ContentViewModel.swift in Sources */,
				AE019EC0265D53140027A32E /* AppCoordinator.swift in Sources */,
				AE019EC5265D56F80027A32E /* MainScreen.swift in Sources */,
				AE019ECE265D60D20027A32E /* Dependencies.swift in Sources */,
				AE019EBB265D4BD90027A32E /* AuthViewModel.swift in Sources */,
				AE019E8F265D4B8D0027A32E /* ContentView.swift in Sources */,
				AE019EBE265D517E0027A32E /* AuthService.swift in Sources */,
				AE019E8D265D4B8D0027A32E /* AuthAppApp.swift in Sources */,
				AE019EB9265D4BB70027A32E /* AuthView.swift in Sources */,
			);
			runOnlyForDeploymentPostprocessing = 0;
		};
		AE019E96265D4B8E0027A32E /* Sources */ = {
			isa = PBXSourcesBuildPhase;
			buildActionMask = 2147483647;
			files = (
				AE019E9F265D4B8E0027A32E /* AuthAppTests.swift in Sources */,
			);
			runOnlyForDeploymentPostprocessing = 0;
		};
		AE019EA1265D4B8E0027A32E /* Sources */ = {
			isa = PBXSourcesBuildPhase;
			buildActionMask = 2147483647;
			files = (
				AE019EAA265D4B8E0027A32E /* AuthAppUITests.swift in Sources */,
			);
			runOnlyForDeploymentPostprocessing = 0;
		};
/* End PBXSourcesBuildPhase section */

/* Begin PBXTargetDependency section */
		AE019E9C265D4B8E0027A32E /* PBXTargetDependency */ = {
			isa = PBXTargetDependency;
			target = AE019E88265D4B8D0027A32E /* AuthApp */;
			targetProxy = AE019E9B265D4B8E0027A32E /* PBXContainerItemProxy */;
		};
		AE019EA7265D4B8E0027A32E /* PBXTargetDependency */ = {
			isa = PBXTargetDependency;
			target = AE019E88265D4B8D0027A32E /* AuthApp */;
			targetProxy = AE019EA6265D4B8E0027A32E /* PBXContainerItemProxy */;
		};
/* End PBXTargetDependency section */

/* Begin XCBuildConfiguration section */
		AE019EAC265D4B8E0027A32E /* Debug */ = {
			isa = XCBuildConfiguration;
			buildSettings = {
				ALWAYS_SEARCH_USER_PATHS = NO;
				CLANG_ANALYZER_NONNULL = YES;
				CLANG_ANALYZER_NUMBER_OBJECT_CONVERSION = YES_AGGRESSIVE;
				CLANG_CXX_LANGUAGE_STANDARD = "gnu++14";
				CLANG_CXX_LIBRARY = "libc++";
				CLANG_ENABLE_MODULES = YES;
				CLANG_ENABLE_OBJC_ARC = YES;
				CLANG_ENABLE_OBJC_WEAK = YES;
				CLANG_WARN_BLOCK_CAPTURE_AUTORELEASING = YES;
				CLANG_WARN_BOOL_CONVERSION = YES;
				CLANG_WARN_COMMA = YES;
				CLANG_WARN_CONSTANT_CONVERSION = YES;
				CLANG_WARN_DEPRECATED_OBJC_IMPLEMENTATIONS = YES;
				CLANG_WARN_DIRECT_OBJC_ISA_USAGE = YES_ERROR;
				CLANG_WARN_DOCUMENTATION_COMMENTS = YES;
				CLANG_WARN_EMPTY_BODY = YES;
				CLANG_WARN_ENUM_CONVERSION = YES;
				CLANG_WARN_INFINITE_RECURSION = YES;
				CLANG_WARN_INT_CONVERSION = YES;
				CLANG_WARN_NON_LITERAL_NULL_CONVERSION = YES;
				CLANG_WARN_OBJC_IMPLICIT_RETAIN_SELF = YES;
				CLANG_WARN_OBJC_LITERAL_CONVERSION = YES;
				CLANG_WARN_OBJC_ROOT_CLASS = YES_ERROR;
				CLANG_WARN_QUOTED_INCLUDE_IN_FRAMEWORK_HEADER = YES;
				CLANG_WARN_RANGE_LOOP_ANALYSIS = YES;
				CLANG_WARN_STRICT_PROTOTYPES = YES;
				CLANG_WARN_SUSPICIOUS_MOVE = YES;
				CLANG_WARN_UNGUARDED_AVAILABILITY = YES_AGGRESSIVE;
				CLANG_WARN_UNREACHABLE_CODE = YES;
				CLANG_WARN__DUPLICATE_METHOD_MATCH = YES;
				COPY_PHASE_STRIP = NO;
				DEBUG_INFORMATION_FORMAT = dwarf;
				ENABLE_STRICT_OBJC_MSGSEND = YES;
				ENABLE_TESTABILITY = YES;
				GCC_C_LANGUAGE_STANDARD = gnu11;
				GCC_DYNAMIC_NO_PIC = NO;
				GCC_NO_COMMON_BLOCKS = YES;
				GCC_OPTIMIZATION_LEVEL = 0;
				GCC_PREPROCESSOR_DEFINITIONS = (
					"DEBUG=1",
					"$(inherited)",
				);
				GCC_WARN_64_TO_32_BIT_CONVERSION = YES;
				GCC_WARN_ABOUT_RETURN_TYPE = YES_ERROR;
				GCC_WARN_UNDECLARED_SELECTOR = YES;
				GCC_WARN_UNINITIALIZED_AUTOS = YES_AGGRESSIVE;
				GCC_WARN_UNUSED_FUNCTION = YES;
				GCC_WARN_UNUSED_VARIABLE = YES;
				IPHONEOS_DEPLOYMENT_TARGET = 14.5;
				MTL_ENABLE_DEBUG_INFO = INCLUDE_SOURCE;
				MTL_FAST_MATH = YES;
				ONLY_ACTIVE_ARCH = YES;
				SDKROOT = iphoneos;
				SWIFT_ACTIVE_COMPILATION_CONDITIONS = DEBUG;
				SWIFT_OPTIMIZATION_LEVEL = "-Onone";
			};
			name = Debug;
		};
		AE019EAD265D4B8E0027A32E /* Release */ = {
			isa = XCBuildConfiguration;
			buildSettings = {
				ALWAYS_SEARCH_USER_PATHS = NO;
				CLANG_ANALYZER_NONNULL = YES;
				CLANG_ANALYZER_NUMBER_OBJECT_CONVERSION = YES_AGGRESSIVE;
				CLANG_CXX_LANGUAGE_STANDARD = "gnu++14";
				CLANG_CXX_LIBRARY = "libc++";
				CLANG_ENABLE_MODULES = YES;
				CLANG_ENABLE_OBJC_ARC = YES;
				CLANG_ENABLE_OBJC_WEAK = YES;
				CLANG_WARN_BLOCK_CAPTURE_AUTORELEASING = YES;
				CLANG_WARN_BOOL_CONVERSION = YES;
				CLANG_WARN_COMMA = YES;
				CLANG_WARN_CONSTANT_CONVERSION = YES;
				CLANG_WARN_DEPRECATED_OBJC_IMPLEMENTATIONS = YES;
				CLANG_WARN_DIRECT_OBJC_ISA_USAGE = YES_ERROR;
				CLANG_WARN_DOCUMENTATION_COMMENTS = YES;
				CLANG_WARN_EMPTY_BODY = YES;
				CLANG_WARN_ENUM_CONVERSION = YES;
				CLANG_WARN_INFINITE_RECURSION = YES;
				CLANG_WARN_INT_CONVERSION = YES;
				CLANG_WARN_NON_LITERAL_NULL_CONVERSION = YES;
				CLANG_WARN_OBJC_IMPLICIT_RETAIN_SELF = YES;
				CLANG_WARN_OBJC_LITERAL_CONVERSION = YES;
				CLANG_WARN_OBJC_ROOT_CLASS = YES_ERROR;
				CLANG_WARN_QUOTED_INCLUDE_IN_FRAMEWORK_HEADER = YES;
				CLANG_WARN_RANGE_LOOP_ANALYSIS = YES;
				CLANG_WARN_STRICT_PROTOTYPES = YES;
				CLANG_WARN_SUSPICIOUS_MOVE = YES;
				CLANG_WARN_UNGUARDED_AVAILABILITY = YES_AGGRESSIVE;
				CLANG_WARN_UNREACHABLE_CODE = YES;
				CLANG_WARN__DUPLICATE_METHOD_MATCH = YES;
				COPY_PHASE_STRIP = NO;
				DEBUG_INFORMATION_FORMAT = "dwarf-with-dsym";
				ENABLE_NS_ASSERTIONS = NO;
				ENABLE_STRICT_OBJC_MSGSEND = YES;
				GCC_C_LANGUAGE_STANDARD = gnu11;
				GCC_NO_COMMON_BLOCKS = YES;
				GCC_WARN_64_TO_32_BIT_CONVERSION = YES;
				GCC_WARN_ABOUT_RETURN_TYPE = YES_ERROR;
				GCC_WARN_UNDECLARED_SELECTOR = YES;
				GCC_WARN_UNINITIALIZED_AUTOS = YES_AGGRESSIVE;
				GCC_WARN_UNUSED_FUNCTION = YES;
				GCC_WARN_UNUSED_VARIABLE = YES;
				IPHONEOS_DEPLOYMENT_TARGET = 14.5;
				MTL_ENABLE_DEBUG_INFO = NO;
				MTL_FAST_MATH = YES;
				SDKROOT = iphoneos;
				SWIFT_COMPILATION_MODE = wholemodule;
				SWIFT_OPTIMIZATION_LEVEL = "-O";
				VALIDATE_PRODUCT = YES;
			};
			name = Release;
		};
		AE019EAF265D4B8E0027A32E /* Debug */ = {
			isa = XCBuildConfiguration;
			buildSettings = {
				ASSETCATALOG_COMPILER_APPICON_NAME = AppIcon;
				ASSETCATALOG_COMPILER_GLOBAL_ACCENT_COLOR_NAME = AccentColor;
				CODE_SIGN_STYLE = Automatic;
				DEVELOPMENT_ASSET_PATHS = "\"AuthApp/Preview Content\"";
				DEVELOPMENT_TEAM = J62PVJ69GK;
				ENABLE_PREVIEWS = YES;
				INFOPLIST_FILE = AuthApp/Info.plist;
				IPHONEOS_DEPLOYMENT_TARGET = 14.0;
				LD_RUNPATH_SEARCH_PATHS = (
					"$(inherited)",
					"@executable_path/Frameworks",
				);
				PRODUCT_BUNDLE_IDENTIFIER = com.azigangaraev.AuthApp;
				PRODUCT_NAME = "$(TARGET_NAME)";
				SWIFT_VERSION = 5.0;
				TARGETED_DEVICE_FAMILY = "1,2";
			};
			name = Debug;
		};
		AE019EB0265D4B8E0027A32E /* Release */ = {
			isa = XCBuildConfiguration;
			buildSettings = {
				ASSETCATALOG_COMPILER_APPICON_NAME = AppIcon;
				ASSETCATALOG_COMPILER_GLOBAL_ACCENT_COLOR_NAME = AccentColor;
				CODE_SIGN_STYLE = Automatic;
				DEVELOPMENT_ASSET_PATHS = "\"AuthApp/Preview Content\"";
				DEVELOPMENT_TEAM = J62PVJ69GK;
				ENABLE_PREVIEWS = YES;
				INFOPLIST_FILE = AuthApp/Info.plist;
				IPHONEOS_DEPLOYMENT_TARGET = 14.0;
				LD_RUNPATH_SEARCH_PATHS = (
					"$(inherited)",
					"@executable_path/Frameworks",
				);
				PRODUCT_BUNDLE_IDENTIFIER = com.azigangaraev.AuthApp;
				PRODUCT_NAME = "$(TARGET_NAME)";
				SWIFT_VERSION = 5.0;
				TARGETED_DEVICE_FAMILY = "1,2";
			};
			name = Release;
		};
		AE019EB2265D4B8E0027A32E /* Debug */ = {
			isa = XCBuildConfiguration;
			buildSettings = {
				ALWAYS_EMBED_SWIFT_STANDARD_LIBRARIES = YES;
				BUNDLE_LOADER = "$(TEST_HOST)";
				CODE_SIGN_STYLE = Automatic;
				DEVELOPMENT_TEAM = J62PVJ69GK;
				INFOPLIST_FILE = AuthAppTests/Info.plist;
				IPHONEOS_DEPLOYMENT_TARGET = 14.0;
				LD_RUNPATH_SEARCH_PATHS = (
					"$(inherited)",
					"@executable_path/Frameworks",
					"@loader_path/Frameworks",
				);
				PRODUCT_BUNDLE_IDENTIFIER = com.azigangaraev.AuthAppTests;
				PRODUCT_NAME = "$(TARGET_NAME)";
				SWIFT_VERSION = 5.0;
				TARGETED_DEVICE_FAMILY = "1,2";
				TEST_HOST = "$(BUILT_PRODUCTS_DIR)/AuthApp.app/AuthApp";
			};
			name = Debug;
		};
		AE019EB3265D4B8E0027A32E /* Release */ = {
			isa = XCBuildConfiguration;
			buildSettings = {
				ALWAYS_EMBED_SWIFT_STANDARD_LIBRARIES = YES;
				BUNDLE_LOADER = "$(TEST_HOST)";
				CODE_SIGN_STYLE = Automatic;
				DEVELOPMENT_TEAM = J62PVJ69GK;
				INFOPLIST_FILE = AuthAppTests/Info.plist;
				IPHONEOS_DEPLOYMENT_TARGET = 14.0;
				LD_RUNPATH_SEARCH_PATHS = (
					"$(inherited)",
					"@executable_path/Frameworks",
					"@loader_path/Frameworks",
				);
				PRODUCT_BUNDLE_IDENTIFIER = com.azigangaraev.AuthAppTests;
				PRODUCT_NAME = "$(TARGET_NAME)";
				SWIFT_VERSION = 5.0;
				TARGETED_DEVICE_FAMILY = "1,2";
				TEST_HOST = "$(BUILT_PRODUCTS_DIR)/AuthApp.app/AuthApp";
			};
			name = Release;
		};
		AE019EB5265D4B8E0027A32E /* Debug */ = {
			isa = XCBuildConfiguration;
			buildSettings = {
				ALWAYS_EMBED_SWIFT_STANDARD_LIBRARIES = YES;
				CODE_SIGN_STYLE = Automatic;
				DEVELOPMENT_TEAM = J62PVJ69GK;
				INFOPLIST_FILE = AuthAppUITests/Info.plist;
				LD_RUNPATH_SEARCH_PATHS = (
					"$(inherited)",
					"@executable_path/Frameworks",
					"@loader_path/Frameworks",
				);
				PRODUCT_BUNDLE_IDENTIFIER = com.azigangaraev.AuthAppUITests;
				PRODUCT_NAME = "$(TARGET_NAME)";
				SWIFT_VERSION = 5.0;
				TARGETED_DEVICE_FAMILY = "1,2";
				TEST_TARGET_NAME = AuthApp;
			};
			name = Debug;
		};
		AE019EB6265D4B8E0027A32E /* Release */ = {
			isa = XCBuildConfiguration;
			buildSettings = {
				ALWAYS_EMBED_SWIFT_STANDARD_LIBRARIES = YES;
				CODE_SIGN_STYLE = Automatic;
				DEVELOPMENT_TEAM = J62PVJ69GK;
				INFOPLIST_FILE = AuthAppUITests/Info.plist;
				LD_RUNPATH_SEARCH_PATHS = (
					"$(inherited)",
					"@executable_path/Frameworks",
					"@loader_path/Frameworks",
				);
				PRODUCT_BUNDLE_IDENTIFIER = com.azigangaraev.AuthAppUITests;
				PRODUCT_NAME = "$(TARGET_NAME)";
				SWIFT_VERSION = 5.0;
				TARGETED_DEVICE_FAMILY = "1,2";
				TEST_TARGET_NAME = AuthApp;
			};
			name = Release;
		};
/* End XCBuildConfiguration section */

/* Begin XCConfigurationList section */
		AE019E84265D4B8D0027A32E /* Build configuration list for PBXProject "AuthApp" */ = {
			isa = XCConfigurationList;
			buildConfigurations = (
				AE019EAC265D4B8E0027A32E /* Debug */,
				AE019EAD265D4B8E0027A32E /* Release */,
			);
			defaultConfigurationIsVisible = 0;
			defaultConfigurationName = Release;
		};
		AE019EAE265D4B8E0027A32E /* Build configuration list for PBXNativeTarget "AuthApp" */ = {
			isa = XCConfigurationList;
			buildConfigurations = (
				AE019EAF265D4B8E0027A32E /* Debug */,
				AE019EB0265D4B8E0027A32E /* Release */,
			);
			defaultConfigurationIsVisible = 0;
			defaultConfigurationName = Release;
		};
		AE019EB1265D4B8E0027A32E /* Build configuration list for PBXNativeTarget "AuthAppTests" */ = {
			isa = XCConfigurationList;
			buildConfigurations = (
				AE019EB2265D4B8E0027A32E /* Debug */,
				AE019EB3265D4B8E0027A32E /* Release */,
			);
			defaultConfigurationIsVisible = 0;
			defaultConfigurationName = Release;
		};
		AE019EB4265D4B8E0027A32E /* Build configuration list for PBXNativeTarget "AuthAppUITests" */ = {
			isa = XCConfigurationList;
			buildConfigurations = (
				AE019EB5265D4B8E0027A32E /* Debug */,
				AE019EB6265D4B8E0027A32E /* Release */,
			);
			defaultConfigurationIsVisible = 0;
			defaultConfigurationName = Release;
		};
/* End XCConfigurationList section */

/* Begin XCRemoteSwiftPackageReference section */
		AE019EC9265D60910027A32E /* XCRemoteSwiftPackageReference "Macaroni" */ = {
			isa = XCRemoteSwiftPackageReference;
			repositoryURL = "https://github.com/bealex/Macaroni.git";
			requirement = {
				kind = upToNextMajorVersion;
				minimumVersion = 2.0.2;
			};
		};
/* End XCRemoteSwiftPackageReference section */

/* Begin XCSwiftPackageProductDependency section */
		AE019ECA265D60910027A32E /* Macaroni */ = {
			isa = XCSwiftPackageProductDependency;
			package = AE019EC9265D60910027A32E /* XCRemoteSwiftPackageReference "Macaroni" */;
			productName = Macaroni;
		};
/* End XCSwiftPackageProductDependency section */
	};
	rootObject = AE019E81265D4B8D0027A32E /* Project object */;
}
